# This file was autogenerated by Stack.
# You should not edit this file by hand.
# For more information, please see the documentation at:
#   https://docs.haskellstack.org/en/stable/lock_files

packages:
- completed:
    hackage: pandoc-2.13@sha256:0a8ecc670a3f808c87c5e88b06daf54cd2edfd9d15e6cea6579d7a1d3a4ef38f,37816
    pantry-tree:
      size: 120568
      sha256: 9296ae69acae072e85b76b90a5a7def857b2615c85e67dc1cf67176882f9dfef
  original:
    hackage: pandoc-2.13
- completed:
    hackage: hslua-module-path-0.1.0.1@sha256:1fe319f18315618491260c912e85b6f73e406499c8fe2fa505e59036a4ff78fd,2502
    pantry-tree:
      size: 418
      sha256: cc48ce7a84cce91c7655b4127f6fd19dd296a089e65eb58ec595bc3413a07c92
  original:
    hackage: hslua-module-path-0.1.0.1
- completed:
    hackage: hakyll-images-1.0.1@sha256:a88a759731df738f88a0727f0c5a2e737bf662a7aca642155e3d531db124c1e5,2207
    pantry-tree:
      size: 1109
      sha256: dc96c9515b365815a6bc7b930c99005eff33550bec9e7e9dd5d93cbb26043a60
  original:
    hackage: hakyll-images-1.0.1
- completed:
    hackage: pandoc-plot-1.1.1@sha256:5b68c295360a79f973a00f5efc1fc96c04ac7a25055f6576b5abec0d382b76f6,5866
    pantry-tree:
      size: 4208
      sha256: 5307fc16d3e36475d0aa396eb1a23a1a7c6aff13e9a11cd0e581161ee09eb5ea
  original:
    hackage: pandoc-plot-1.1.1
- completed:
    name: hakyll
    version: 4.14.0.0
    git: https://github.com/jaspervdj/hakyll.git
    pantry-tree:
      size: 12189
      sha256: 61def5f4a7eedc4c0e249d4b68228b1deb690b6aecb533c03783eef2787bce51
    commit: 122dd424891f6c9be15ff5225886484386dd0956
  original:
    git: https://github.com/jaspervdj/hakyll.git
    commit: 122dd424891f6c9be15ff5225886484386dd0956
snapshots:
- completed:
    size: 567037
    url: https://raw.githubusercontent.com/commercialhaskell/stackage-snapshots/master/lts/17/9.yaml
    sha256: d7d8d5106e53d1669964bd8bd2b0f88a5ad192d772f5376384b76738fd992311
  original: lts-17.9
