# This file was autogenerated by Stack.
# You should not edit this file by hand.
# For more information, please see the documentation at:
#   https://docs.haskellstack.org/en/stable/lock_files

packages:
- completed:
    hackage: pandoc-2.13@sha256:0a8ecc670a3f808c87c5e88b06daf54cd2edfd9d15e6cea6579d7a1d3a4ef38f,37816
    pantry-tree:
      size: 120568
      sha256: 9296ae69acae072e85b76b90a5a7def857b2615c85e67dc1cf67176882f9dfef
  original:
    hackage: pandoc-2.13
- completed:
    hackage: hslua-module-path-0.1.0.1@sha256:1fe319f18315618491260c912e85b6f73e406499c8fe2fa505e59036a4ff78fd,2502
    pantry-tree:
      size: 418
      sha256: cc48ce7a84cce91c7655b4127f6fd19dd296a089e65eb58ec595bc3413a07c92
  original:
    hackage: hslua-module-path-0.1.0.1
- completed:
    hackage: hakyll-images-1.0.1@sha256:a88a759731df738f88a0727f0c5a2e737bf662a7aca642155e3d531db124c1e5,2207
    pantry-tree:
      size: 1109
      sha256: dc96c9515b365815a6bc7b930c99005eff33550bec9e7e9dd5d93cbb26043a60
  original:
    hackage: hakyll-images-1.0.1
- completed:
    hackage: pandoc-plot-1.2.2@sha256:b4fe448796775c451654b03b067f46333bdfa2c1a8a8754c8a6d09d5872ab2b2,5944
    pantry-tree:
      size: 4210
      sha256: 90e688e45ffa302ea403bf395a96c9c5674ea0e6e8c01ee18ea3e3a977e59210
  original:
    hackage: pandoc-plot-1.2.2
- completed:
    name: hakyll
    version: 4.14.0.0
    git: https://github.com/LaurentRDC/hakyll.git
    pantry-tree:
      size: 12189
      sha256: d9245cd854d813114aa4008c4858f1d8476d9094cda373a0e655db4075bb0b84
    commit: 06b1f0aad652d0541062af91b337deb42d220bc6
  original:
    git: https://github.com/LaurentRDC/hakyll.git
    commit: 06b1f0aad652d0541062af91b337deb42d220bc6
snapshots:
- completed:
    size: 567037
    url: https://raw.githubusercontent.com/commercialhaskell/stackage-snapshots/master/lts/17/9.yaml
    sha256: d7d8d5106e53d1669964bd8bd2b0f88a5ad192d772f5376384b76738fd992311
  original: lts-17.9
