# This file was autogenerated by Stack.
# You should not edit this file by hand.
# For more information, please see the documentation at:
#   https://docs.haskellstack.org/en/stable/lock_files

packages:
- completed:
    hackage: pandoc-2.14.0.3@sha256:aaa5fadd0421a319c42959171f2cfdf29cd6b720bbd869a7b7ce6bf248e81667,38288
    pantry-tree:
      size: 123857
      sha256: 9e404b972c449106237cc7516bfc2b2872447b5787dc372980ae114e4f10aeeb
  original:
    hackage: pandoc-2.14.0.3
- completed:
    hackage: hakyll-images-1.0.1@sha256:a88a759731df738f88a0727f0c5a2e737bf662a7aca642155e3d531db124c1e5,2207
    pantry-tree:
      size: 1109
      sha256: dc96c9515b365815a6bc7b930c99005eff33550bec9e7e9dd5d93cbb26043a60
  original:
    hackage: hakyll-images-1.0.1
- completed:
    name: hakyll
    version: 4.14.0.0
    git: https://github.com/jaspervdj/hakyll.git
    pantry-tree:
      size: 12189
      sha256: 1a1f7d1d47b2587d760e7b3b1d4b7b2eab0fd503e508ba90b04dacdd48b8e5a2
    commit: 6885325146aa46adf255c55de0e0345a0f84961e
  original:
    git: https://github.com/jaspervdj/hakyll.git
    commit: 6885325146aa46adf255c55de0e0345a0f84961e
snapshots:
- completed:
    size: 524750
    url: https://raw.githubusercontent.com/commercialhaskell/stackage-snapshots/master/nightly/2021/6/21.yaml
    sha256: 6a32dff5321d4137c76d1dde625d050b75e3505bc68e4aa2441da9407bdf3592
  original: nightly-2021-06-21
